// !$*UTF8*$!
{
	archiveVersion = 1;
	classes = {
	};
	objectVersion = 77;
	objects = {

/* Begin PBXBuildFile section */
		09F55AD2B03E798D1CB28F61 /* ProveView.swift in Sources */ = {isa = PBXBuildFile; fileRef = DBAC6478832950D95136F6FE /* ProveView.swift */; };
		4D04D6B107B7920AEDFA00E7 /* ResultView.swift in Sources */ = {isa = PBXBuildFile; fileRef = 4FF74B74CB1BADF2EB64663C /* ResultView.swift */; };
		4D5A32B268D225E573166B13 /* CircuitListView.swift in Sources */ = {isa = PBXBuildFile; fileRef = 1EDFB0FDE11498432B30081B /* CircuitListView.swift */; };
		5BCBF73BC6EA8BFF0758B404 /* VerityService.swift in Sources */ = {isa = PBXBuildFile; fileRef = 0AB0FF0AC1A12BCCE2769820 /* VerityService.swift */; };
		7936318BEDF0B1FF4B31A0CE /* ContentView.swift in Sources */ = {isa = PBXBuildFile; fileRef = 2E350DAA87A5638157DBDE46 /* ContentView.swift */; };
		8659567A89B9DF1957869628 /* ProofResult.swift in Sources */ = {isa = PBXBuildFile; fileRef = 652F6001C2C7CAA28F651F22 /* ProofResult.swift */; };
		BAE4AD19BAD08E923DA70462 /* Resources in Resources */ = {isa = PBXBuildFile; fileRef = C9FF3E53D304A5D6B96E0F22 /* Resources */; };
		EDD4A9F16B9386F4437B1A6D /* VerityDemoApp.swift in Sources */ = {isa = PBXBuildFile; fileRef = 222E4A660B4F7AFAF23603FB /* VerityDemoApp.swift */; };
		FCBAFF78AC8B0A2D9CC6D2AB /* Verity in Frameworks */ = {isa = PBXBuildFile; productRef = 856039EBDA0A427C50748A63 /* Verity */; };
/* End PBXBuildFile section */

/* Begin PBXFileReference section */
		0AB0FF0AC1A12BCCE2769820 /* VerityService.swift */ = {isa = PBXFileReference; lastKnownFileType = sourcecode.swift; path = VerityService.swift; sourceTree = "<group>"; };
		1EDFB0FDE11498432B30081B /* CircuitListView.swift */ = {isa = PBXFileReference; lastKnownFileType = sourcecode.swift; path = CircuitListView.swift; sourceTree = "<group>"; };
		222E4A660B4F7AFAF23603FB /* VerityDemoApp.swift */ = {isa = PBXFileReference; lastKnownFileType = sourcecode.swift; path = VerityDemoApp.swift; sourceTree = "<group>"; };
		2E350DAA87A5638157DBDE46 /* ContentView.swift */ = {isa = PBXFileReference; lastKnownFileType = sourcecode.swift; path = ContentView.swift; sourceTree = "<group>"; };
		2F130A46CE0E7390646BD65A /* VerityDemo.app */ = {isa = PBXFileReference; includeInIndex = 0; lastKnownFileType = wrapper.application; path = VerityDemo.app; sourceTree = BUILT_PRODUCTS_DIR; };
		4FF74B74CB1BADF2EB64663C /* ResultView.swift */ = {isa = PBXFileReference; lastKnownFileType = sourcecode.swift; path = ResultView.swift; sourceTree = "<group>"; };
		652F6001C2C7CAA28F651F22 /* ProofResult.swift */ = {isa = PBXFileReference; lastKnownFileType = sourcecode.swift; path = ProofResult.swift; sourceTree = "<group>"; };
		C9FF3E53D304A5D6B96E0F22 /* Resources */ = {isa = PBXFileReference; lastKnownFileType = folder; name = Resources; path = VerityDemo/Resources; sourceTree = SOURCE_ROOT; };
		DBAC6478832950D95136F6FE /* ProveView.swift */ = {isa = PBXFileReference; lastKnownFileType = sourcecode.swift; path = ProveView.swift; sourceTree = "<group>"; };
		E1C7009CC28C2132C1F2C8F7 /* swift */ = {isa = PBXFileReference; lastKnownFileType = folder; name = swift; path = ../../../sdks/swift; sourceTree = SOURCE_ROOT; };
/* End PBXFileReference section */

/* Begin PBXFrameworksBuildPhase section */
		4396D21CD6C21C8347D10F1B /* Frameworks */ = {
			isa = PBXFrameworksBuildPhase;
			buildActionMask = 2147483647;
			files = (
				FCBAFF78AC8B0A2D9CC6D2AB /* Verity in Frameworks */,
			);
			runOnlyForDeploymentPostprocessing = 0;
		};
/* End PBXFrameworksBuildPhase section */

/* Begin PBXGroup section */
		0C6448802DE3CF633093110C /* VerityDemo */ = {
			isa = PBXGroup;
			children = (
				222E4A660B4F7AFAF23603FB /* VerityDemoApp.swift */,
				39EA8CDBC496D56269966704 /* Models */,
				3CA8CD7B92B635BD51F3F9E2 /* Services */,
				56028C84158CCAE39F3AD27C /* Views */,
			);
			path = VerityDemo;
			sourceTree = "<group>";
		};
		215B9058F7DFB92E0493E429 /* Products */ = {
			isa = PBXGroup;
			children = (
				2F130A46CE0E7390646BD65A /* VerityDemo.app */,
			);
			name = Products;
			sourceTree = "<group>";
		};
		39EA8CDBC496D56269966704 /* Models */ = {
			isa = PBXGroup;
			children = (
				652F6001C2C7CAA28F651F22 /* ProofResult.swift */,
			);
			path = Models;
			sourceTree = "<group>";
		};
		3CA8CD7B92B635BD51F3F9E2 /* Services */ = {
			isa = PBXGroup;
			children = (
				0AB0FF0AC1A12BCCE2769820 /* VerityService.swift */,
			);
			path = Services;
			sourceTree = "<group>";
		};
		56028C84158CCAE39F3AD27C /* Views */ = {
			isa = PBXGroup;
			children = (
				1EDFB0FDE11498432B30081B /* CircuitListView.swift */,
				2E350DAA87A5638157DBDE46 /* ContentView.swift */,
				DBAC6478832950D95136F6FE /* ProveView.swift */,
				4FF74B74CB1BADF2EB64663C /* ResultView.swift */,
			);
			path = Views;
			sourceTree = "<group>";
		};
		7C597C1A613928147878126F = {
			isa = PBXGroup;
			children = (
				C9FF3E53D304A5D6B96E0F22 /* Resources */,
				E909711EA3B67FDC57F3DBEF /* Packages */,
				0C6448802DE3CF633093110C /* VerityDemo */,
				215B9058F7DFB92E0493E429 /* Products */,
			);
			sourceTree = "<group>";
		};
		E909711EA3B67FDC57F3DBEF /* Packages */ = {
			isa = PBXGroup;
			children = (
				E1C7009CC28C2132C1F2C8F7 /* swift */,
			);
			name = Packages;
			sourceTree = "<group>";
		};
/* End PBXGroup section */

/* Begin PBXNativeTarget section */
		E53DCAA91B07CAAFEAB26C64 /* VerityDemo */ = {
			isa = PBXNativeTarget;
			buildConfigurationList = D3D5F461FD1694550EFF3E6A /* Build configuration list for PBXNativeTarget "VerityDemo" */;
			buildPhases = (
				96A80EC8CEFA708554D1DEFF /* Sources */,
				574B4BF738C6FE8736F57A5E /* Resources */,
				4396D21CD6C21C8347D10F1B /* Frameworks */,
			);
			buildRules = (
			);
			dependencies = (
			);
			name = VerityDemo;
			packageProductDependencies = (
				856039EBDA0A427C50748A63 /* Verity */,
			);
			productName = VerityDemo;
			productReference = 2F130A46CE0E7390646BD65A /* VerityDemo.app */;
			productType = "com.apple.product-type.application";
		};
/* End PBXNativeTarget section */

/* Begin PBXProject section */
		A50DBFC48B74EFF9DC1AE70A /* Project object */ = {
			isa = PBXProject;
			attributes = {
				BuildIndependentTargetsInParallel = YES;
				LastUpgradeCheck = 1600;
				TargetAttributes = {
				};
			};
			buildConfigurationList = A98CCC336EBF2688DD138591 /* Build configuration list for PBXProject "VerityDemo" */;
			developmentRegion = en;
			hasScannedForEncodings = 0;
			knownRegions = (
				Base,
				en,
			);
			mainGroup = 7C597C1A613928147878126F;
			minimizedProjectReferenceProxies = 1;
			packageReferences = (
				C0783A79FBCBF5D5817DF50A /* XCLocalSwiftPackageReference "../../../sdks/swift" */,
			);
			preferredProjectObjectVersion = 77;
			productRefGroup = 215B9058F7DFB92E0493E429 /* Products */;
			projectDirPath = "";
			projectRoot = "";
			targets = (
				E53DCAA91B07CAAFEAB26C64 /* VerityDemo */,
			);
		};
/* End PBXProject section */

/* Begin PBXResourcesBuildPhase section */
		574B4BF738C6FE8736F57A5E /* Resources */ = {
			isa = PBXResourcesBuildPhase;
			buildActionMask = 2147483647;
			files = (
				BAE4AD19BAD08E923DA70462 /* Resources in Resources */,
			);
			runOnlyForDeploymentPostprocessing = 0;
		};
/* End PBXResourcesBuildPhase section */

/* Begin PBXSourcesBuildPhase section */
		96A80EC8CEFA708554D1DEFF /* Sources */ = {
			isa = PBXSourcesBuildPhase;
			buildActionMask = 2147483647;
			files = (
				4D5A32B268D225E573166B13 /* CircuitListView.swift in Sources */,
				7936318BEDF0B1FF4B31A0CE /* ContentView.swift in Sources */,
				8659567A89B9DF1957869628 /* ProofResult.swift in Sources */,
				09F55AD2B03E798D1CB28F61 /* ProveView.swift in Sources */,
				4D04D6B107B7920AEDFA00E7 /* ResultView.swift in Sources */,
				EDD4A9F16B9386F4437B1A6D /* VerityDemoApp.swift in Sources */,
				5BCBF73BC6EA8BFF0758B404 /* VerityService.swift in Sources */,
			);
			runOnlyForDeploymentPostprocessing = 0;
		};
/* End PBXSourcesBuildPhase section */

/* Begin XCBuildConfiguration section */
		0183E7B854C3691D8D34BBCC /* Debug */ = {
			isa = XCBuildConfiguration;
			buildSettings = {
				ASSETCATALOG_COMPILER_APPICON_NAME = AppIcon;
				CODE_SIGN_IDENTITY = "iPhone Developer";
				GENERATE_INFOPLIST_FILE = YES;
				INFOPLIST_KEY_UIApplicationSceneManifest_Generation = YES;
				INFOPLIST_KEY_UIApplicationSupportsIndirectInputEvents = YES;
				INFOPLIST_KEY_UILaunchScreen_Generation = YES;
				INFOPLIST_KEY_UISupportedInterfaceOrientations_iPhone = UIInterfaceOrientationPortrait;
				LD_RUNPATH_SEARCH_PATHS = (
					"$(inherited)",
					"@executable_path/Frameworks",
				);
				PRODUCT_BUNDLE_IDENTIFIER = com.atheon.verity.demo;
				SDKROOT = iphoneos;
				TARGETED_DEVICE_FAMILY = "1,2";
			};
			name = Debug;
		};
		2B5D12C8859A6BD5B327C8E2 /* Debug */ = {
			isa = XCBuildConfiguration;
			buildSettings = {
				ALWAYS_SEARCH_USER_PATHS = NO;
				CLANG_ANALYZER_NONNULL = YES;
				CLANG_ANALYZER_NUMBER_OBJECT_CONVERSION = YES_AGGRESSIVE;
				CLANG_CXX_LANGUAGE_STANDARD = "gnu++14";
				CLANG_CXX_LIBRARY = "libc++";
				CLANG_ENABLE_MODULES = YES;
				CLANG_ENABLE_OBJC_ARC = YES;
				CLANG_ENABLE_OBJC_WEAK = YES;
				CLANG_WARN_BLOCK_CAPTURE_AUTORELEASING = YES;
				CLANG_WARN_BOOL_CONVERSION = YES;
				CLANG_WARN_COMMA = YES;
				CLANG_WARN_CONSTANT_CONVERSION = YES;
				CLANG_WARN_DEPRECATED_OBJC_IMPLEMENTATIONS = YES;
				CLANG_WARN_DIRECT_OBJC_ISA_USAGE = YES_ERROR;
				CLANG_WARN_DOCUMENTATION_COMMENTS = YES;
				CLANG_WARN_EMPTY_BODY = YES;
				CLANG_WARN_ENUM_CONVERSION = YES;
				CLANG_WARN_INFINITE_RECURSION = YES;
				CLANG_WARN_INT_CONVERSION = YES;
				CLANG_WARN_NON_LITERAL_NULL_CONVERSION = YES;
				CLANG_WARN_OBJC_IMPLICIT_RETAIN_SELF = YES;
				CLANG_WARN_OBJC_LITERAL_CONVERSION = YES;
				CLANG_WARN_OBJC_ROOT_CLASS = YES_ERROR;
				CLANG_WARN_QUOTED_INCLUDE_IN_FRAMEWORK_HEADER = YES;
				CLANG_WARN_RANGE_LOOP_ANALYSIS = YES;
				CLANG_WARN_STRICT_PROTOTYPES = YES;
				CLANG_WARN_SUSPICIOUS_MOVE = YES;
				CLANG_WARN_UNGUARDED_AVAILABILITY = YES_AGGRESSIVE;
				CLANG_WARN_UNREACHABLE_CODE = YES;
				CLANG_WARN__DUPLICATE_METHOD_MATCH = YES;
				COPY_PHASE_STRIP = NO;
				DEBUG_INFORMATION_FORMAT = dwarf;
				ENABLE_STRICT_OBJC_MSGSEND = YES;
				ENABLE_TESTABILITY = YES;
				GCC_C_LANGUAGE_STANDARD = gnu11;
				GCC_DYNAMIC_NO_PIC = NO;
				GCC_NO_COMMON_BLOCKS = YES;
				GCC_OPTIMIZATION_LEVEL = 0;
				GCC_PREPROCESSOR_DEFINITIONS = (
					"$(inherited)",
					"DEBUG=1",
				);
				GCC_WARN_64_TO_32_BIT_CONVERSION = YES;
				GCC_WARN_ABOUT_RETURN_TYPE = YES_ERROR;
				GCC_WARN_UNDECLARED_SELECTOR = YES;
				GCC_WARN_UNINITIALIZED_AUTOS = YES_AGGRESSIVE;
				GCC_WARN_UNUSED_FUNCTION = YES;
				GCC_WARN_UNUSED_VARIABLE = YES;
				IPHONEOS_DEPLOYMENT_TARGET = 16.0;
				MTL_ENABLE_DEBUG_INFO = INCLUDE_SOURCE;
				MTL_FAST_MATH = YES;
				ONLY_ACTIVE_ARCH = YES;
				PRODUCT_NAME = "$(TARGET_NAME)";
				SDKROOT = iphoneos;
				SWIFT_ACTIVE_COMPILATION_CONDITIONS = DEBUG;
				SWIFT_OPTIMIZATION_LEVEL = "-Onone";
				SWIFT_VERSION = 5.0;
			};
			name = Debug;
		};
		7678E99317B2B4403A8198E7 /* Release */ = {
			isa = XCBuildConfiguration;
			buildSettings = {
				ASSETCATALOG_COMPILER_APPICON_NAME = AppIcon;
				CODE_SIGN_IDENTITY = "iPhone Developer";
				GENERATE_INFOPLIST_FILE = YES;
				INFOPLIST_KEY_UIApplicationSceneManifest_Generation = YES;
				INFOPLIST_KEY_UIApplicationSupportsIndirectInputEvents = YES;
				INFOPLIST_KEY_UILaunchScreen_Generation = YES;
				INFOPLIST_KEY_UISupportedInterfaceOrientations_iPhone = UIInterfaceOrientationPortrait;
				LD_RUNPATH_SEARCH_PATHS = (
					"$(inherited)",
					"@executable_path/Frameworks",
				);
				PRODUCT_BUNDLE_IDENTIFIER = com.atheon.verity.demo;
				SDKROOT = iphoneos;
				TARGETED_DEVICE_FAMILY = "1,2";
			};
			name = Release;
		};
		9EDB2AE4372279C58DBFE781 /* Release */ = {
			isa = XCBuildConfiguration;
			buildSettings = {
				ALWAYS_SEARCH_USER_PATHS = NO;
				CLANG_ANALYZER_NONNULL = YES;
				CLANG_ANALYZER_NUMBER_OBJECT_CONVERSION = YES_AGGRESSIVE;
				CLANG_CXX_LANGUAGE_STANDARD = "gnu++14";
				CLANG_CXX_LIBRARY = "libc++";
				CLANG_ENABLE_MODULES = YES;
				CLANG_ENABLE_OBJC_ARC = YES;
				CLANG_ENABLE_OBJC_WEAK = YES;
				CLANG_WARN_BLOCK_CAPTURE_AUTORELEASING = YES;
				CLANG_WARN_BOOL_CONVERSION = YES;
				CLANG_WARN_COMMA = YES;
				CLANG_WARN_CONSTANT_CONVERSION = YES;
				CLANG_WARN_DEPRECATED_OBJC_IMPLEMENTATIONS = YES;
				CLANG_WARN_DIRECT_OBJC_ISA_USAGE = YES_ERROR;
				CLANG_WARN_DOCUMENTATION_COMMENTS = YES;
				CLANG_WARN_EMPTY_BODY = YES;
				CLANG_WARN_ENUM_CONVERSION = YES;
				CLANG_WARN_INFINITE_RECURSION = YES;
				CLANG_WARN_INT_CONVERSION = YES;
				CLANG_WARN_NON_LITERAL_NULL_CONVERSION = YES;
				CLANG_WARN_OBJC_IMPLICIT_RETAIN_SELF = YES;
				CLANG_WARN_OBJC_LITERAL_CONVERSION = YES;
				CLANG_WARN_OBJC_ROOT_CLASS = YES_ERROR;
				CLANG_WARN_QUOTED_INCLUDE_IN_FRAMEWORK_HEADER = YES;
				CLANG_WARN_RANGE_LOOP_ANALYSIS = YES;
				CLANG_WARN_STRICT_PROTOTYPES = YES;
				CLANG_WARN_SUSPICIOUS_MOVE = YES;
				CLANG_WARN_UNGUARDED_AVAILABILITY = YES_AGGRESSIVE;
				CLANG_WARN_UNREACHABLE_CODE = YES;
				CLANG_WARN__DUPLICATE_METHOD_MATCH = YES;
				COPY_PHASE_STRIP = NO;
				DEBUG_INFORMATION_FORMAT = "dwarf-with-dsym";
				ENABLE_NS_ASSERTIONS = NO;
				ENABLE_STRICT_OBJC_MSGSEND = YES;
				GCC_C_LANGUAGE_STANDARD = gnu11;
				GCC_NO_COMMON_BLOCKS = YES;
				GCC_WARN_64_TO_32_BIT_CONVERSION = YES;
				GCC_WARN_ABOUT_RETURN_TYPE = YES_ERROR;
				GCC_WARN_UNDECLARED_SELECTOR = YES;
				GCC_WARN_UNINITIALIZED_AUTOS = YES_AGGRESSIVE;
				GCC_WARN_UNUSED_FUNCTION = YES;
				GCC_WARN_UNUSED_VARIABLE = YES;
				IPHONEOS_DEPLOYMENT_TARGET = 16.0;
				MTL_ENABLE_DEBUG_INFO = NO;
				MTL_FAST_MATH = YES;
				PRODUCT_NAME = "$(TARGET_NAME)";
				SDKROOT = iphoneos;
				SWIFT_COMPILATION_MODE = wholemodule;
				SWIFT_OPTIMIZATION_LEVEL = "-O";
				SWIFT_VERSION = 5.0;
			};
			name = Release;
		};
/* End XCBuildConfiguration section */

/* Begin XCConfigurationList section */
		A98CCC336EBF2688DD138591 /* Build configuration list for PBXProject "VerityDemo" */ = {
			isa = XCConfigurationList;
			buildConfigurations = (
				2B5D12C8859A6BD5B327C8E2 /* Debug */,
				9EDB2AE4372279C58DBFE781 /* Release */,
			);
			defaultConfigurationIsVisible = 0;
			defaultConfigurationName = Debug;
		};
		D3D5F461FD1694550EFF3E6A /* Build configuration list for PBXNativeTarget "VerityDemo" */ = {
			isa = XCConfigurationList;
			buildConfigurations = (
				0183E7B854C3691D8D34BBCC /* Debug */,
				7678E99317B2B4403A8198E7 /* Release */,
			);
			defaultConfigurationIsVisible = 0;
			defaultConfigurationName = Debug;
		};
/* End XCConfigurationList section */

/* Begin XCLocalSwiftPackageReference section */
		C0783A79FBCBF5D5817DF50A /* XCLocalSwiftPackageReference "../../../sdks/swift" */ = {
			isa = XCLocalSwiftPackageReference;
			relativePath = ../../../sdks/swift;
		};
/* End XCLocalSwiftPackageReference section */

/* Begin XCSwiftPackageProductDependency section */
		856039EBDA0A427C50748A63 /* Verity */ = {
			isa = XCSwiftPackageProductDependency;
			productName = Verity;
		};
/* End XCSwiftPackageProductDependency section */
	};
	rootObject = A50DBFC48B74EFF9DC1AE70A /* Project object */;
}
